
Microsoft Visual Studio Solution File, Format Version 11.00
# Visual Studio Version 17

Project("{8BC9CEB8-8B4A-11D0-8D11-00A0C91BC942}") = "EnvelopeDrawer - Standalone Plugin", "EnvelopeDrawer_StandalonePlugin.vcxproj", "{039D2E80-5C36-E70F-92E3-750ED5FF3345}"
	ProjectSection(ProjectDependencies) = postProject
		{96EEA8F0-6A2B-A5A7-ED23-444ED7A85EFB} = {96EEA8F0-6A2B-A5A7-ED23-444ED7A85EFB}
	EndProjectSection
EndProject
Project("{8BC9CEB8-8B4A-11D0-8D11-00A0C91BC942}") = "EnvelopeDrawer - VST3", "EnvelopeDrawer_VST3.vcxproj", "{ABA78C11-1186-9039-6C59-0BA0692AD595}"
	ProjectSection(ProjectDependencies) = postProject
		{96EEA8F0-6A2B-A5A7-ED23-444ED7A85EFB} = {96EEA8F0-6A2B-A5A7-ED23-444ED7A85EFB}
	EndProjectSection
EndProject
Project("{8BC9CEB8-8B4A-11D0-8D11-00A0C91BC942}") = "EnvelopeDrawer - Shared Code", "EnvelopeDrawer_SharedCode.vcxproj", "{96EEA8F0-6A2B-A5A7-ED23-444ED7A85EFB}"
EndProject
Global
	GlobalSection(SolutionConfigurationPlatforms) = preSolution
		Debug|x64 = Debug|x64
		Release|x64 = Release|x64
	EndGlobalSection
	GlobalSection(ProjectConfigurationPlatforms) = postSolution
		{ABA78C11-1186-9039-6C59-0BA0692AD595}.Debug|x64.ActiveCfg = Debug|x64
		{ABA78C11-1186-9039-6C59-0BA0692AD595}.Debug|x64.Build.0 = Debug|x64
		{ABA78C11-1186-9039-6C59-0BA0692AD595}.Release|x64.ActiveCfg = Release|x64
		{ABA78C11-1186-9039-6C59-0BA0692AD595}.Release|x64.Build.0 = Release|x64
		{039D2E80-5C36-E70F-92E3-750ED5FF3345}.Debug|x64.ActiveCfg = Debug|x64
		{039D2E80-5C36-E70F-92E3-750ED5FF3345}.Debug|x64.Build.0 = Debug|x64
		{039D2E80-5C36-E70F-92E3-750ED5FF3345}.Release|x64.ActiveCfg = Release|x64
		{039D2E80-5C36-E70F-92E3-750ED5FF3345}.Release|x64.Build.0 = Release|x64
		{96EEA8F0-6A2B-A5A7-ED23-444ED7A85EFB}.Debug|x64.ActiveCfg = Debug|x64
		{96EEA8F0-6A2B-A5A7-ED23-444ED7A85EFB}.Debug|x64.Build.0 = Debug|x64
		{96EEA8F0-6A2B-A5A7-ED23-444ED7A85EFB}.Release|x64.ActiveCfg = Release|x64
		{96EEA8F0-6A2B-A5A7-ED23-444ED7A85EFB}.Release|x64.Build.0 = Release|x64
	EndGlobalSection
	GlobalSection(SolutionProperties) = preSolution
		HideSolutionNode = FALSE
	EndGlobalSection
EndGlobal
